// !$*UTF8*$!
{
	archiveVersion = 1;
	classes = {
	};
	objectVersion = 56;
	objects = {

/* Begin PBXBuildFile section */
		763766762A3088010019BA53 /* MyCityApp.swift in Sources */ = {isa = PBXBuildFile; fileRef = 763766752A3088010019BA53 /* MyCityApp.swift */; };
		763766782A3088010019BA53 /* MainTabView.swift in Sources */ = {isa = PBXBuildFile; fileRef = 763766772A3088010019BA53 /* MainTabView.swift */; };
		7637667A2A3088020019BA53 /* Assets.xcassets in Resources */ = {isa = PBXBuildFile; fileRef = 763766792A3088020019BA53 /* Assets.xcassets */; };
		7637667D2A3088020019BA53 /* Preview Assets.xcassets in Resources */ = {isa = PBXBuildFile; fileRef = 7637667C2A3088020019BA53 /* Preview Assets.xcassets */; };
		763766852A308B7B0019BA53 /* LandmarkDetailView.swift in Sources */ = {isa = PBXBuildFile; fileRef = 763766842A308B7B0019BA53 /* LandmarkDetailView.swift */; };
		7637668B2A308BDB0019BA53 /* LandmarkModel.swift in Sources */ = {isa = PBXBuildFile; fileRef = 7637668A2A308BDB0019BA53 /* LandmarkModel.swift */; };
		7637668E2A308C5D0019BA53 /* sevastopol.json in Resources */ = {isa = PBXBuildFile; fileRef = 7637668D2A308C5C0019BA53 /* sevastopol.json */; };
		763766902A308C8F0019BA53 /* videos.json in Resources */ = {isa = PBXBuildFile; fileRef = 7637668F2A308C8F0019BA53 /* videos.json */; };
		763766922A308C9F0019BA53 /* locations.json in Resources */ = {isa = PBXBuildFile; fileRef = 763766912A308C9F0019BA53 /* locations.json */; };
		763766942A308CA60019BA53 /* covers.json in Resources */ = {isa = PBXBuildFile; fileRef = 763766932A308CA60019BA53 /* covers.json */; };
		763766962A308CBE0019BA53 /* CodableBundleExtention.swift in Sources */ = {isa = PBXBuildFile; fileRef = 763766952A308CBE0019BA53 /* CodableBundleExtention.swift */; };
		7637669F2A308DB90019BA53 /* MainScreenView.swift in Sources */ = {isa = PBXBuildFile; fileRef = 7637669E2A308DB90019BA53 /* MainScreenView.swift */; };
		763766AA2A308DE20019BA53 /* InsetGalleryView.swift in Sources */ = {isa = PBXBuildFile; fileRef = 763766A02A308DE10019BA53 /* InsetGalleryView.swift */; };
		763766AB2A308DE20019BA53 /* ListItemView.swift in Sources */ = {isa = PBXBuildFile; fileRef = 763766A12A308DE10019BA53 /* ListItemView.swift */; };
		763766AC2A308DE20019BA53 /* InsetFactView.swift in Sources */ = {isa = PBXBuildFile; fileRef = 763766A22A308DE20019BA53 /* InsetFactView.swift */; };
		763766AD2A308DE20019BA53 /* GridItemView.swift in Sources */ = {isa = PBXBuildFile; fileRef = 763766A32A308DE20019BA53 /* GridItemView.swift */; };
		763766AE2A308DE20019BA53 /* InsetMapView.swift in Sources */ = {isa = PBXBuildFile; fileRef = 763766A42A308DE20019BA53 /* InsetMapView.swift */; };
		763766AF2A308DE20019BA53 /* MotionAnimationView.swift in Sources */ = {isa = PBXBuildFile; fileRef = 763766A52A308DE20019BA53 /* MotionAnimationView.swift */; };
		763766B02A308DE20019BA53 /* CoverImageView.swift in Sources */ = {isa = PBXBuildFile; fileRef = 763766A62A308DE20019BA53 /* CoverImageView.swift */; };
		763766B12A308DE20019BA53 /* ExternalWebLinkView.swift in Sources */ = {isa = PBXBuildFile; fileRef = 763766A72A308DE20019BA53 /* ExternalWebLinkView.swift */; };
		763766B22A308DE20019BA53 /* HeadingView.swift in Sources */ = {isa = PBXBuildFile; fileRef = 763766A82A308DE20019BA53 /* HeadingView.swift */; };
		763766B32A308DE20019BA53 /* MapAnnotationView.swift in Sources */ = {isa = PBXBuildFile; fileRef = 763766A92A308DE20019BA53 /* MapAnnotationView.swift */; };
		763766B52A308E6F0019BA53 /* MapView.swift in Sources */ = {isa = PBXBuildFile; fileRef = 763766B42A308E6F0019BA53 /* MapView.swift */; };
		763766B72A308EDA0019BA53 /* CoverImageModel.swift in Sources */ = {isa = PBXBuildFile; fileRef = 763766B62A308EDA0019BA53 /* CoverImageModel.swift */; };
		763766B92A3093A80019BA53 /* Constant.swift in Sources */ = {isa = PBXBuildFile; fileRef = 763766B82A3093A80019BA53 /* Constant.swift */; };
		763766C52A309D0D0019BA53 /* Montserrat-Thin.ttf in Resources */ = {isa = PBXBuildFile; fileRef = 763766BA2A309D0D0019BA53 /* Montserrat-Thin.ttf */; };
		763766C62A309D0D0019BA53 /* Montserrat-Medium.ttf in Resources */ = {isa = PBXBuildFile; fileRef = 763766BB2A309D0D0019BA53 /* Montserrat-Medium.ttf */; };
		763766C72A309D0D0019BA53 /* Montserrat-Light.ttf in Resources */ = {isa = PBXBuildFile; fileRef = 763766BC2A309D0D0019BA53 /* Montserrat-Light.ttf */; };
		763766C82A309D0D0019BA53 /* Montserrat-Italic.ttf in Resources */ = {isa = PBXBuildFile; fileRef = 763766BD2A309D0D0019BA53 /* Montserrat-Italic.ttf */; };
		763766C92A309D0D0019BA53 /* Montserrat-Black.ttf in Resources */ = {isa = PBXBuildFile; fileRef = 763766BE2A309D0D0019BA53 /* Montserrat-Black.ttf */; };
		763766CA2A309D0D0019BA53 /* Montserrat-ExtraBold.ttf in Resources */ = {isa = PBXBuildFile; fileRef = 763766BF2A309D0D0019BA53 /* Montserrat-ExtraBold.ttf */; };
		763766CB2A309D0D0019BA53 /* Montserrat-MediumItalic.ttf in Resources */ = {isa = PBXBuildFile; fileRef = 763766C02A309D0D0019BA53 /* Montserrat-MediumItalic.ttf */; };
		763766CC2A309D0D0019BA53 /* Montserrat-Bold.ttf in Resources */ = {isa = PBXBuildFile; fileRef = 763766C12A309D0D0019BA53 /* Montserrat-Bold.ttf */; };
		763766CD2A309D0D0019BA53 /* Montserrat-Regular.ttf in Resources */ = {isa = PBXBuildFile; fileRef = 763766C22A309D0D0019BA53 /* Montserrat-Regular.ttf */; };
		763766CE2A309D0D0019BA53 /* Montserrat-ThinItalic.ttf in Resources */ = {isa = PBXBuildFile; fileRef = 763766C32A309D0D0019BA53 /* Montserrat-ThinItalic.ttf */; };
		763766CF2A309D0D0019BA53 /* Montserrat-ExtraLight.ttf in Resources */ = {isa = PBXBuildFile; fileRef = 763766C42A309D0D0019BA53 /* Montserrat-ExtraLight.ttf */; };
		763766D22A30C9680019BA53 /* LaunchScreen.storyboard in Resources */ = {isa = PBXBuildFile; fileRef = 763766D12A30C9680019BA53 /* LaunchScreen.storyboard */; };
		767E22FE2A34992E00AAB221 /* FavoritesViewModel.swift in Sources */ = {isa = PBXBuildFile; fileRef = 767E22FD2A34992E00AAB221 /* FavoritesViewModel.swift */; };
		76F2DF212A31F629009EDFAA /* MapViewModel.swift in Sources */ = {isa = PBXBuildFile; fileRef = 76F2DF202A31F629009EDFAA /* MapViewModel.swift */; };
		76F2DF232A32179F009EDFAA /* FavoritesItemView.swift in Sources */ = {isa = PBXBuildFile; fileRef = 76F2DF222A32179F009EDFAA /* FavoritesItemView.swift */; };
		76F2DF252A3217C3009EDFAA /* FavoritesCheckBoxView.swift in Sources */ = {isa = PBXBuildFile; fileRef = 76F2DF242A3217C3009EDFAA /* FavoritesCheckBoxView.swift */; };
		76F2DF272A321A70009EDFAA /* FavoriteDataBase.swift in Sources */ = {isa = PBXBuildFile; fileRef = 76F2DF262A321A70009EDFAA /* FavoriteDataBase.swift */; };
		76F2DF292A32672D009EDFAA /* FavoriteButtonVIew.swift in Sources */ = {isa = PBXBuildFile; fileRef = 76F2DF282A32672D009EDFAA /* FavoriteButtonVIew.swift */; };
		76F2DF2B2A326CA8009EDFAA /* FavoritesRow.swift in Sources */ = {isa = PBXBuildFile; fileRef = 76F2DF2A2A326CA8009EDFAA /* FavoritesRow.swift */; };
/* End PBXBuildFile section */

/* Begin PBXFileReference section */
		763766722A3088010019BA53 /* MyCity.app */ = {isa = PBXFileReference; explicitFileType = wrapper.application; includeInIndex = 0; path = MyCity.app; sourceTree = BUILT_PRODUCTS_DIR; };
		763766752A3088010019BA53 /* MyCityApp.swift */ = {isa = PBXFileReference; lastKnownFileType = sourcecode.swift; path = MyCityApp.swift; sourceTree = "<group>"; };
		763766772A3088010019BA53 /* MainTabView.swift */ = {isa = PBXFileReference; lastKnownFileType = sourcecode.swift; path = MainTabView.swift; sourceTree = "<group>"; };
		763766792A3088020019BA53 /* Assets.xcassets */ = {isa = PBXFileReference; lastKnownFileType = folder.assetcatalog; path = Assets.xcassets; sourceTree = "<group>"; };
		7637667C2A3088020019BA53 /* Preview Assets.xcassets */ = {isa = PBXFileReference; lastKnownFileType = folder.assetcatalog; path = "Preview Assets.xcassets"; sourceTree = "<group>"; };
		763766842A308B7B0019BA53 /* LandmarkDetailView.swift */ = {isa = PBXFileReference; lastKnownFileType = sourcecode.swift; path = LandmarkDetailView.swift; sourceTree = "<group>"; };
		7637668A2A308BDB0019BA53 /* LandmarkModel.swift */ = {isa = PBXFileReference; fileEncoding = 4; lastKnownFileType = sourcecode.swift; path = LandmarkModel.swift; sourceTree = "<group>"; };
		7637668D2A308C5C0019BA53 /* sevastopol.json */ = {isa = PBXFileReference; fileEncoding = 4; lastKnownFileType = text.json; path = sevastopol.json; sourceTree = "<group>"; };
		7637668F2A308C8F0019BA53 /* videos.json */ = {isa = PBXFileReference; fileEncoding = 4; lastKnownFileType = text.json; path = videos.json; sourceTree = "<group>"; };
		763766912A308C9F0019BA53 /* locations.json */ = {isa = PBXFileReference; fileEncoding = 4; lastKnownFileType = text.json; path = locations.json; sourceTree = "<group>"; };
		763766932A308CA60019BA53 /* covers.json */ = {isa = PBXFileReference; fileEncoding = 4; lastKnownFileType = text.json; path = covers.json; sourceTree = "<group>"; };
		763766952A308CBE0019BA53 /* CodableBundleExtention.swift */ = {isa = PBXFileReference; fileEncoding = 4; lastKnownFileType = sourcecode.swift; path = CodableBundleExtention.swift; sourceTree = "<group>"; };
		7637669E2A308DB90019BA53 /* MainScreenView.swift */ = {isa = PBXFileReference; lastKnownFileType = sourcecode.swift; path = MainScreenView.swift; sourceTree = "<group>"; };
		763766A02A308DE10019BA53 /* InsetGalleryView.swift */ = {isa = PBXFileReference; fileEncoding = 4; lastKnownFileType = sourcecode.swift; path = InsetGalleryView.swift; sourceTree = "<group>"; };
		763766A12A308DE10019BA53 /* ListItemView.swift */ = {isa = PBXFileReference; fileEncoding = 4; lastKnownFileType = sourcecode.swift; path = ListItemView.swift; sourceTree = "<group>"; };
		763766A22A308DE20019BA53 /* InsetFactView.swift */ = {isa = PBXFileReference; fileEncoding = 4; lastKnownFileType = sourcecode.swift; path = InsetFactView.swift; sourceTree = "<group>"; };
		763766A32A308DE20019BA53 /* GridItemView.swift */ = {isa = PBXFileReference; fileEncoding = 4; lastKnownFileType = sourcecode.swift; path = GridItemView.swift; sourceTree = "<group>"; };
		763766A42A308DE20019BA53 /* InsetMapView.swift */ = {isa = PBXFileReference; fileEncoding = 4; lastKnownFileType = sourcecode.swift; path = InsetMapView.swift; sourceTree = "<group>"; };
		763766A52A308DE20019BA53 /* MotionAnimationView.swift */ = {isa = PBXFileReference; fileEncoding = 4; lastKnownFileType = sourcecode.swift; path = MotionAnimationView.swift; sourceTree = "<group>"; };
		763766A62A308DE20019BA53 /* CoverImageView.swift */ = {isa = PBXFileReference; fileEncoding = 4; lastKnownFileType = sourcecode.swift; path = CoverImageView.swift; sourceTree = "<group>"; };
		763766A72A308DE20019BA53 /* ExternalWebLinkView.swift */ = {isa = PBXFileReference; fileEncoding = 4; lastKnownFileType = sourcecode.swift; path = ExternalWebLinkView.swift; sourceTree = "<group>"; };
		763766A82A308DE20019BA53 /* HeadingView.swift */ = {isa = PBXFileReference; fileEncoding = 4; lastKnownFileType = sourcecode.swift; path = HeadingView.swift; sourceTree = "<group>"; };
		763766A92A308DE20019BA53 /* MapAnnotationView.swift */ = {isa = PBXFileReference; fileEncoding = 4; lastKnownFileType = sourcecode.swift; path = MapAnnotationView.swift; sourceTree = "<group>"; };
		763766B42A308E6F0019BA53 /* MapView.swift */ = {isa = PBXFileReference; lastKnownFileType = sourcecode.swift; path = MapView.swift; sourceTree = "<group>"; };
		763766B62A308EDA0019BA53 /* CoverImageModel.swift */ = {isa = PBXFileReference; lastKnownFileType = sourcecode.swift; path = CoverImageModel.swift; sourceTree = "<group>"; };
		763766B82A3093A80019BA53 /* Constant.swift */ = {isa = PBXFileReference; lastKnownFileType = sourcecode.swift; path = Constant.swift; sourceTree = "<group>"; };
		763766BA2A309D0D0019BA53 /* Montserrat-Thin.ttf */ = {isa = PBXFileReference; lastKnownFileType = file; path = "Montserrat-Thin.ttf"; sourceTree = "<group>"; };
		763766BB2A309D0D0019BA53 /* Montserrat-Medium.ttf */ = {isa = PBXFileReference; lastKnownFileType = file; path = "Montserrat-Medium.ttf"; sourceTree = "<group>"; };
		763766BC2A309D0D0019BA53 /* Montserrat-Light.ttf */ = {isa = PBXFileReference; lastKnownFileType = file; path = "Montserrat-Light.ttf"; sourceTree = "<group>"; };
		763766BD2A309D0D0019BA53 /* Montserrat-Italic.ttf */ = {isa = PBXFileReference; lastKnownFileType = file; path = "Montserrat-Italic.ttf"; sourceTree = "<group>"; };
		763766BE2A309D0D0019BA53 /* Montserrat-Black.ttf */ = {isa = PBXFileReference; lastKnownFileType = file; path = "Montserrat-Black.ttf"; sourceTree = "<group>"; };
		763766BF2A309D0D0019BA53 /* Montserrat-ExtraBold.ttf */ = {isa = PBXFileReference; lastKnownFileType = file; path = "Montserrat-ExtraBold.ttf"; sourceTree = "<group>"; };
		763766C02A309D0D0019BA53 /* Montserrat-MediumItalic.ttf */ = {isa = PBXFileReference; lastKnownFileType = file; path = "Montserrat-MediumItalic.ttf"; sourceTree = "<group>"; };
		763766C12A309D0D0019BA53 /* Montserrat-Bold.ttf */ = {isa = PBXFileReference; lastKnownFileType = file; path = "Montserrat-Bold.ttf"; sourceTree = "<group>"; };
		763766C22A309D0D0019BA53 /* Montserrat-Regular.ttf */ = {isa = PBXFileReference; lastKnownFileType = file; path = "Montserrat-Regular.ttf"; sourceTree = "<group>"; };
		763766C32A309D0D0019BA53 /* Montserrat-ThinItalic.ttf */ = {isa = PBXFileReference; lastKnownFileType = file; path = "Montserrat-ThinItalic.ttf"; sourceTree = "<group>"; };
		763766C42A309D0D0019BA53 /* Montserrat-ExtraLight.ttf */ = {isa = PBXFileReference; lastKnownFileType = file; path = "Montserrat-ExtraLight.ttf"; sourceTree = "<group>"; };
		763766D02A309EC20019BA53 /* Info.plist */ = {isa = PBXFileReference; lastKnownFileType = text.plist; path = Info.plist; sourceTree = "<group>"; };
		763766D12A30C9680019BA53 /* LaunchScreen.storyboard */ = {isa = PBXFileReference; lastKnownFileType = file.storyboard; path = LaunchScreen.storyboard; sourceTree = "<group>"; };
		767E22FD2A34992E00AAB221 /* FavoritesViewModel.swift */ = {isa = PBXFileReference; lastKnownFileType = sourcecode.swift; path = FavoritesViewModel.swift; sourceTree = "<group>"; };
		76F2DF202A31F629009EDFAA /* MapViewModel.swift */ = {isa = PBXFileReference; lastKnownFileType = sourcecode.swift; path = MapViewModel.swift; sourceTree = "<group>"; };
		76F2DF222A32179F009EDFAA /* FavoritesItemView.swift */ = {isa = PBXFileReference; lastKnownFileType = sourcecode.swift; path = FavoritesItemView.swift; sourceTree = "<group>"; };
		76F2DF242A3217C3009EDFAA /* FavoritesCheckBoxView.swift */ = {isa = PBXFileReference; lastKnownFileType = sourcecode.swift; path = FavoritesCheckBoxView.swift; sourceTree = "<group>"; };
		76F2DF262A321A70009EDFAA /* FavoriteDataBase.swift */ = {isa = PBXFileReference; lastKnownFileType = sourcecode.swift; path = FavoriteDataBase.swift; sourceTree = "<group>"; };
		76F2DF282A32672D009EDFAA /* FavoriteButtonVIew.swift */ = {isa = PBXFileReference; lastKnownFileType = sourcecode.swift; path = FavoriteButtonVIew.swift; sourceTree = "<group>"; };
		76F2DF2A2A326CA8009EDFAA /* FavoritesRow.swift */ = {isa = PBXFileReference; lastKnownFileType = sourcecode.swift; path = FavoritesRow.swift; sourceTree = "<group>"; };
/* End PBXFileReference section */

/* Begin PBXFrameworksBuildPhase section */
		7637666F2A3088010019BA53 /* Frameworks */ = {
			isa = PBXFrameworksBuildPhase;
			buildActionMask = 2147483647;
			files = (
			);
			runOnlyForDeploymentPostprocessing = 0;
		};
/* End PBXFrameworksBuildPhase section */

/* Begin PBXGroup section */
		763766692A3088010019BA53 = {
			isa = PBXGroup;
			children = (
				763766D12A30C9680019BA53 /* LaunchScreen.storyboard */,
				763766742A3088010019BA53 /* MyCity */,
				763766732A3088010019BA53 /* Products */,
			);
			sourceTree = "<group>";
		};
		763766732A3088010019BA53 /* Products */ = {
			isa = PBXGroup;
			children = (
				763766722A3088010019BA53 /* MyCity.app */,
			);
			name = Products;
			sourceTree = "<group>";
		};
		763766742A3088010019BA53 /* MyCity */ = {
			isa = PBXGroup;
			children = (
				763766D02A309EC20019BA53 /* Info.plist */,
				763766862A308B8B0019BA53 /* Model */,
				763766832A308B4B0019BA53 /* View */,
				763766872A308B920019BA53 /* ViewModel */,
				763766882A308BAD0019BA53 /* Constant */,
				763766892A308BBC0019BA53 /* Fonts */,
				7637668C2A308BE50019BA53 /* Data Testing Work */,
				7637669D2A308D400019BA53 /* App */,
				763766792A3088020019BA53 /* Assets.xcassets */,
				7637667B2A3088020019BA53 /* Preview Content */,
			);
			path = MyCity;
			sourceTree = "<group>";
		};
		7637667B2A3088020019BA53 /* Preview Content */ = {
			isa = PBXGroup;
			children = (
				7637667C2A3088020019BA53 /* Preview Assets.xcassets */,
			);
			path = "Preview Content";
			sourceTree = "<group>";
		};
		763766832A308B4B0019BA53 /* View */ = {
			isa = PBXGroup;
			children = (
				7637669C2A308D250019BA53 /* Profile */,
				7637669B2A308D1E0019BA53 /* Favorites */,
				7637669A2A308D190019BA53 /* Map */,
				763766972A308CE30019BA53 /* MainScreen */,
			);
			path = View;
			sourceTree = "<group>";
		};
		763766862A308B8B0019BA53 /* Model */ = {
			isa = PBXGroup;
			children = (
				763766B62A308EDA0019BA53 /* CoverImageModel.swift */,
				7637668A2A308BDB0019BA53 /* LandmarkModel.swift */,
			);
			path = Model;
			sourceTree = "<group>";
		};
		763766872A308B920019BA53 /* ViewModel */ = {
			isa = PBXGroup;
			children = (
				763766952A308CBE0019BA53 /* CodableBundleExtention.swift */,
				76F2DF202A31F629009EDFAA /* MapViewModel.swift */,
				76F2DF262A321A70009EDFAA /* FavoriteDataBase.swift */,
				767E22FD2A34992E00AAB221 /* FavoritesViewModel.swift */,
			);
			path = ViewModel;
			sourceTree = "<group>";
		};
		763766882A308BAD0019BA53 /* Constant */ = {
			isa = PBXGroup;
			children = (
				763766B82A3093A80019BA53 /* Constant.swift */,
			);
			path = Constant;
			sourceTree = "<group>";
		};
		763766892A308BBC0019BA53 /* Fonts */ = {
			isa = PBXGroup;
			children = (
				763766BE2A309D0D0019BA53 /* Montserrat-Black.ttf */,
				763766C12A309D0D0019BA53 /* Montserrat-Bold.ttf */,
				763766BF2A309D0D0019BA53 /* Montserrat-ExtraBold.ttf */,
				763766C42A309D0D0019BA53 /* Montserrat-ExtraLight.ttf */,
				763766BD2A309D0D0019BA53 /* Montserrat-Italic.ttf */,
				763766BC2A309D0D0019BA53 /* Montserrat-Light.ttf */,
				763766BB2A309D0D0019BA53 /* Montserrat-Medium.ttf */,
				763766C02A309D0D0019BA53 /* Montserrat-MediumItalic.ttf */,
				763766C22A309D0D0019BA53 /* Montserrat-Regular.ttf */,
				763766BA2A309D0D0019BA53 /* Montserrat-Thin.ttf */,
				763766C32A309D0D0019BA53 /* Montserrat-ThinItalic.ttf */,
			);
			path = Fonts;
			sourceTree = "<group>";
		};
		7637668C2A308BE50019BA53 /* Data Testing Work */ = {
			isa = PBXGroup;
			children = (
				7637668F2A308C8F0019BA53 /* videos.json */,
				763766912A308C9F0019BA53 /* locations.json */,
				763766932A308CA60019BA53 /* covers.json */,
				7637668D2A308C5C0019BA53 /* sevastopol.json */,
			);
			path = "Data Testing Work";
			sourceTree = "<group>";
		};
		763766972A308CE30019BA53 /* MainScreen */ = {
			isa = PBXGroup;
			children = (
				763766842A308B7B0019BA53 /* LandmarkDetailView.swift */,
				7637669E2A308DB90019BA53 /* MainScreenView.swift */,
				763766992A308D030019BA53 /* MainScreenDetailView */,
				763766982A308CF60019BA53 /* MainScreenRow */,
			);
			path = MainScreen;
			sourceTree = "<group>";
		};
		763766982A308CF60019BA53 /* MainScreenRow */ = {
			isa = PBXGroup;
			children = (
				763766A62A308DE20019BA53 /* CoverImageView.swift */,
				763766A12A308DE10019BA53 /* ListItemView.swift */,
				763766A32A308DE20019BA53 /* GridItemView.swift */,
			);
			path = MainScreenRow;
			sourceTree = "<group>";
		};
		763766992A308D030019BA53 /* MainScreenDetailView */ = {
			isa = PBXGroup;
			children = (
				763766A02A308DE10019BA53 /* InsetGalleryView.swift */,
				763766A72A308DE20019BA53 /* ExternalWebLinkView.swift */,
				763766A82A308DE20019BA53 /* HeadingView.swift */,
				763766A22A308DE20019BA53 /* InsetFactView.swift */,
				76F2DF282A32672D009EDFAA /* FavoriteButtonVIew.swift */,
			);
			path = MainScreenDetailView;
			sourceTree = "<group>";
		};
		7637669A2A308D190019BA53 /* Map */ = {
			isa = PBXGroup;
			children = (
				763766A42A308DE20019BA53 /* InsetMapView.swift */,
				763766A92A308DE20019BA53 /* MapAnnotationView.swift */,
				763766B42A308E6F0019BA53 /* MapView.swift */,
			);
			path = Map;
			sourceTree = "<group>";
		};
		7637669B2A308D1E0019BA53 /* Favorites */ = {
			isa = PBXGroup;
			children = (
				76F2DF222A32179F009EDFAA /* FavoritesItemView.swift */,
				76F2DF242A3217C3009EDFAA /* FavoritesCheckBoxView.swift */,
				76F2DF2A2A326CA8009EDFAA /* FavoritesRow.swift */,
			);
			path = Favorites;
			sourceTree = "<group>";
		};
		7637669C2A308D250019BA53 /* Profile */ = {
			isa = PBXGroup;
			children = (
				763766A52A308DE20019BA53 /* MotionAnimationView.swift */,
			);
			path = Profile;
			sourceTree = "<group>";
		};
		7637669D2A308D400019BA53 /* App */ = {
			isa = PBXGroup;
			children = (
				763766752A3088010019BA53 /* MyCityApp.swift */,
				763766772A3088010019BA53 /* MainTabView.swift */,
			);
			path = App;
			sourceTree = "<group>";
		};
/* End PBXGroup section */

/* Begin PBXNativeTarget section */
		763766712A3088010019BA53 /* MyCity */ = {
			isa = PBXNativeTarget;
			buildConfigurationList = 763766802A3088020019BA53 /* Build configuration list for PBXNativeTarget "MyCity" */;
			buildPhases = (
				7637666E2A3088010019BA53 /* Sources */,
				7637666F2A3088010019BA53 /* Frameworks */,
				763766702A3088010019BA53 /* Resources */,
			);
			buildRules = (
			);
			dependencies = (
			);
			name = MyCity;
			productName = MyCity;
			productReference = 763766722A3088010019BA53 /* MyCity.app */;
			productType = "com.apple.product-type.application";
		};
/* End PBXNativeTarget section */

/* Begin PBXProject section */
		7637666A2A3088010019BA53 /* Project object */ = {
			isa = PBXProject;
			attributes = {
				BuildIndependentTargetsInParallel = 1;
				LastSwiftUpdateCheck = 1430;
				LastUpgradeCheck = 1430;
				TargetAttributes = {
					763766712A3088010019BA53 = {
						CreatedOnToolsVersion = 14.3.1;
					};
				};
			};
			buildConfigurationList = 7637666D2A3088010019BA53 /* Build configuration list for PBXProject "MyCity" */;
			compatibilityVersion = "Xcode 14.0";
			developmentRegion = en;
			hasScannedForEncodings = 0;
			knownRegions = (
				en,
				Base,
			);
			mainGroup = 763766692A3088010019BA53;
			productRefGroup = 763766732A3088010019BA53 /* Products */;
			projectDirPath = "";
			projectRoot = "";
			targets = (
				763766712A3088010019BA53 /* MyCity */,
			);
		};
/* End PBXProject section */

/* Begin PBXResourcesBuildPhase section */
		763766702A3088010019BA53 /* Resources */ = {
			isa = PBXResourcesBuildPhase;
			buildActionMask = 2147483647;
			files = (
				7637667D2A3088020019BA53 /* Preview Assets.xcassets in Resources */,
				763766CF2A309D0D0019BA53 /* Montserrat-ExtraLight.ttf in Resources */,
				763766CB2A309D0D0019BA53 /* Montserrat-MediumItalic.ttf in Resources */,
				763766CA2A309D0D0019BA53 /* Montserrat-ExtraBold.ttf in Resources */,
				763766CD2A309D0D0019BA53 /* Montserrat-Regular.ttf in Resources */,
				763766942A308CA60019BA53 /* covers.json in Resources */,
				763766902A308C8F0019BA53 /* videos.json in Resources */,
				763766C72A309D0D0019BA53 /* Montserrat-Light.ttf in Resources */,
				763766CC2A309D0D0019BA53 /* Montserrat-Bold.ttf in Resources */,
				763766D22A30C9680019BA53 /* LaunchScreen.storyboard in Resources */,
				763766922A308C9F0019BA53 /* locations.json in Resources */,
				763766C82A309D0D0019BA53 /* Montserrat-Italic.ttf in Resources */,
				763766CE2A309D0D0019BA53 /* Montserrat-ThinItalic.ttf in Resources */,
				7637667A2A3088020019BA53 /* Assets.xcassets in Resources */,
				763766C92A309D0D0019BA53 /* Montserrat-Black.ttf in Resources */,
				7637668E2A308C5D0019BA53 /* sevastopol.json in Resources */,
				763766C62A309D0D0019BA53 /* Montserrat-Medium.ttf in Resources */,
				763766C52A309D0D0019BA53 /* Montserrat-Thin.ttf in Resources */,
			);
			runOnlyForDeploymentPostprocessing = 0;
		};
/* End PBXResourcesBuildPhase section */

/* Begin PBXSourcesBuildPhase section */
		7637666E2A3088010019BA53 /* Sources */ = {
			isa = PBXSourcesBuildPhase;
			buildActionMask = 2147483647;
			files = (
				763766962A308CBE0019BA53 /* CodableBundleExtention.swift in Sources */,
				763766B22A308DE20019BA53 /* HeadingView.swift in Sources */,
				7637669F2A308DB90019BA53 /* MainScreenView.swift in Sources */,
				763766B12A308DE20019BA53 /* ExternalWebLinkView.swift in Sources */,
				76F2DF272A321A70009EDFAA /* FavoriteDataBase.swift in Sources */,
				763766782A3088010019BA53 /* MainTabView.swift in Sources */,
				763766AD2A308DE20019BA53 /* GridItemView.swift in Sources */,
				763766B32A308DE20019BA53 /* MapAnnotationView.swift in Sources */,
				76F2DF2B2A326CA8009EDFAA /* FavoritesRow.swift in Sources */,
				763766AB2A308DE20019BA53 /* ListItemView.swift in Sources */,
				763766B92A3093A80019BA53 /* Constant.swift in Sources */,
				7637668B2A308BDB0019BA53 /* LandmarkModel.swift in Sources */,
				767E22FE2A34992E00AAB221 /* FavoritesViewModel.swift in Sources */,
				763766AA2A308DE20019BA53 /* InsetGalleryView.swift in Sources */,
				76F2DF212A31F629009EDFAA /* MapViewModel.swift in Sources */,
				76F2DF232A32179F009EDFAA /* FavoritesItemView.swift in Sources */,
				763766B02A308DE20019BA53 /* CoverImageView.swift in Sources */,
				763766AC2A308DE20019BA53 /* InsetFactView.swift in Sources */,
				763766B52A308E6F0019BA53 /* MapView.swift in Sources */,
				763766B72A308EDA0019BA53 /* CoverImageModel.swift in Sources */,
				76F2DF292A32672D009EDFAA /* FavoriteButtonVIew.swift in Sources */,
				76F2DF252A3217C3009EDFAA /* FavoritesCheckBoxView.swift in Sources */,
				763766AE2A308DE20019BA53 /* InsetMapView.swift in Sources */,
				763766AF2A308DE20019BA53 /* MotionAnimationView.swift in Sources */,
				763766762A3088010019BA53 /* MyCityApp.swift in Sources */,
				763766852A308B7B0019BA53 /* LandmarkDetailView.swift in Sources */,
			);
			runOnlyForDeploymentPostprocessing = 0;
		};
/* End PBXSourcesBuildPhase section */

/* Begin XCBuildConfiguration section */
		7637667E2A3088020019BA53 /* Debug */ = {
			isa = XCBuildConfiguration;
			buildSettings = {
				ALWAYS_SEARCH_USER_PATHS = NO;
				CLANG_ANALYZER_NONNULL = YES;
				CLANG_ANALYZER_NUMBER_OBJECT_CONVERSION = YES_AGGRESSIVE;
				CLANG_CXX_LANGUAGE_STANDARD = "gnu++20";
				CLANG_ENABLE_MODULES = YES;
				CLANG_ENABLE_OBJC_ARC = YES;
				CLANG_ENABLE_OBJC_WEAK = YES;
				CLANG_WARN_BLOCK_CAPTURE_AUTORELEASING = YES;
				CLANG_WARN_BOOL_CONVERSION = YES;
				CLANG_WARN_COMMA = YES;
				CLANG_WARN_CONSTANT_CONVERSION = YES;
				CLANG_WARN_DEPRECATED_OBJC_IMPLEMENTATIONS = YES;
				CLANG_WARN_DIRECT_OBJC_ISA_USAGE = YES_ERROR;
				CLANG_WARN_DOCUMENTATION_COMMENTS = YES;
				CLANG_WARN_EMPTY_BODY = YES;
				CLANG_WARN_ENUM_CONVERSION = YES;
				CLANG_WARN_INFINITE_RECURSION = YES;
				CLANG_WARN_INT_CONVERSION = YES;
				CLANG_WARN_NON_LITERAL_NULL_CONVERSION = YES;
				CLANG_WARN_OBJC_IMPLICIT_RETAIN_SELF = YES;
				CLANG_WARN_OBJC_LITERAL_CONVERSION = YES;
				CLANG_WARN_OBJC_ROOT_CLASS = YES_ERROR;
				CLANG_WARN_QUOTED_INCLUDE_IN_FRAMEWORK_HEADER = YES;
				CLANG_WARN_RANGE_LOOP_ANALYSIS = YES;
				CLANG_WARN_STRICT_PROTOTYPES = YES;
				CLANG_WARN_SUSPICIOUS_MOVE = YES;
				CLANG_WARN_UNGUARDED_AVAILABILITY = YES_AGGRESSIVE;
				CLANG_WARN_UNREACHABLE_CODE = YES;
				CLANG_WARN__DUPLICATE_METHOD_MATCH = YES;
				COPY_PHASE_STRIP = NO;
				DEBUG_INFORMATION_FORMAT = dwarf;
				ENABLE_STRICT_OBJC_MSGSEND = YES;
				ENABLE_TESTABILITY = YES;
				GCC_C_LANGUAGE_STANDARD = gnu11;
				GCC_DYNAMIC_NO_PIC = NO;
				GCC_NO_COMMON_BLOCKS = YES;
				GCC_OPTIMIZATION_LEVEL = 0;
				GCC_PREPROCESSOR_DEFINITIONS = (
					"DEBUG=1",
					"$(inherited)",
				);
				GCC_WARN_64_TO_32_BIT_CONVERSION = YES;
				GCC_WARN_ABOUT_RETURN_TYPE = YES_ERROR;
				GCC_WARN_UNDECLARED_SELECTOR = YES;
				GCC_WARN_UNINITIALIZED_AUTOS = YES_AGGRESSIVE;
				GCC_WARN_UNUSED_FUNCTION = YES;
				GCC_WARN_UNUSED_VARIABLE = YES;
				IPHONEOS_DEPLOYMENT_TARGET = 16.4;
				MTL_ENABLE_DEBUG_INFO = INCLUDE_SOURCE;
				MTL_FAST_MATH = YES;
				ONLY_ACTIVE_ARCH = YES;
				SDKROOT = iphoneos;
				SWIFT_ACTIVE_COMPILATION_CONDITIONS = DEBUG;
				SWIFT_OPTIMIZATION_LEVEL = "-Onone";
			};
			name = Debug;
		};
		7637667F2A3088020019BA53 /* Release */ = {
			isa = XCBuildConfiguration;
			buildSettings = {
				ALWAYS_SEARCH_USER_PATHS = NO;
				CLANG_ANALYZER_NONNULL = YES;
				CLANG_ANALYZER_NUMBER_OBJECT_CONVERSION = YES_AGGRESSIVE;
				CLANG_CXX_LANGUAGE_STANDARD = "gnu++20";
				CLANG_ENABLE_MODULES = YES;
				CLANG_ENABLE_OBJC_ARC = YES;
				CLANG_ENABLE_OBJC_WEAK = YES;
				CLANG_WARN_BLOCK_CAPTURE_AUTORELEASING = YES;
				CLANG_WARN_BOOL_CONVERSION = YES;
				CLANG_WARN_COMMA = YES;
				CLANG_WARN_CONSTANT_CONVERSION = YES;
				CLANG_WARN_DEPRECATED_OBJC_IMPLEMENTATIONS = YES;
				CLANG_WARN_DIRECT_OBJC_ISA_USAGE = YES_ERROR;
				CLANG_WARN_DOCUMENTATION_COMMENTS = YES;
				CLANG_WARN_EMPTY_BODY = YES;
				CLANG_WARN_ENUM_CONVERSION = YES;
				CLANG_WARN_INFINITE_RECURSION = YES;
				CLANG_WARN_INT_CONVERSION = YES;
				CLANG_WARN_NON_LITERAL_NULL_CONVERSION = YES;
				CLANG_WARN_OBJC_IMPLICIT_RETAIN_SELF = YES;
				CLANG_WARN_OBJC_LITERAL_CONVERSION = YES;
				CLANG_WARN_OBJC_ROOT_CLASS = YES_ERROR;
				CLANG_WARN_QUOTED_INCLUDE_IN_FRAMEWORK_HEADER = YES;
				CLANG_WARN_RANGE_LOOP_ANALYSIS = YES;
				CLANG_WARN_STRICT_PROTOTYPES = YES;
				CLANG_WARN_SUSPICIOUS_MOVE = YES;
				CLANG_WARN_UNGUARDED_AVAILABILITY = YES_AGGRESSIVE;
				CLANG_WARN_UNREACHABLE_CODE = YES;
				CLANG_WARN__DUPLICATE_METHOD_MATCH = YES;
				COPY_PHASE_STRIP = NO;
				DEBUG_INFORMATION_FORMAT = "dwarf-with-dsym";
				ENABLE_NS_ASSERTIONS = NO;
				ENABLE_STRICT_OBJC_MSGSEND = YES;
				GCC_C_LANGUAGE_STANDARD = gnu11;
				GCC_NO_COMMON_BLOCKS = YES;
				GCC_WARN_64_TO_32_BIT_CONVERSION = YES;
				GCC_WARN_ABOUT_RETURN_TYPE = YES_ERROR;
				GCC_WARN_UNDECLARED_SELECTOR = YES;
				GCC_WARN_UNINITIALIZED_AUTOS = YES_AGGRESSIVE;
				GCC_WARN_UNUSED_FUNCTION = YES;
				GCC_WARN_UNUSED_VARIABLE = YES;
				IPHONEOS_DEPLOYMENT_TARGET = 16.4;
				MTL_ENABLE_DEBUG_INFO = NO;
				MTL_FAST_MATH = YES;
				SDKROOT = iphoneos;
				SWIFT_COMPILATION_MODE = wholemodule;
				SWIFT_OPTIMIZATION_LEVEL = "-O";
				VALIDATE_PRODUCT = YES;
			};
			name = Release;
		};
		763766812A3088020019BA53 /* Debug */ = {
			isa = XCBuildConfiguration;
			buildSettings = {
				ASSETCATALOG_COMPILER_APPICON_NAME = AppIcon;
				ASSETCATALOG_COMPILER_GLOBAL_ACCENT_COLOR_NAME = AccentColor;
				CODE_SIGN_STYLE = Automatic;
				CURRENT_PROJECT_VERSION = 1;
				DEVELOPMENT_ASSET_PATHS = "\"MyCity/Preview Content\"";
				DEVELOPMENT_TEAM = 9S5AJR5C22;
				ENABLE_PREVIEWS = YES;
				GENERATE_INFOPLIST_FILE = YES;
				INFOPLIST_FILE = MyCity/Info.plist;
				INFOPLIST_KEY_UIApplicationSceneManifest_Generation = YES;
				INFOPLIST_KEY_UIApplicationSupportsIndirectInputEvents = YES;
				INFOPLIST_KEY_UILaunchStoryboardName = LaunchScreen.storyboard;
				INFOPLIST_KEY_UISupportedInterfaceOrientations_iPad = "UIInterfaceOrientationPortrait UIInterfaceOrientationPortraitUpsideDown UIInterfaceOrientationLandscapeLeft UIInterfaceOrientationLandscapeRight";
				INFOPLIST_KEY_UISupportedInterfaceOrientations_iPhone = "UIInterfaceOrientationPortrait UIInterfaceOrientationLandscapeLeft UIInterfaceOrientationLandscapeRight";
				IPHONEOS_DEPLOYMENT_TARGET = 14.0;
				LD_RUNPATH_SEARCH_PATHS = (
					"$(inherited)",
					"@executable_path/Frameworks",
				);
				MARKETING_VERSION = 1.0;
				PRODUCT_BUNDLE_IDENTIFIER = rzamolotov.MyCity;
				PRODUCT_NAME = "$(TARGET_NAME)";
				SWIFT_EMIT_LOC_STRINGS = YES;
				SWIFT_VERSION = 5.0;
				TARGETED_DEVICE_FAMILY = "1,2";
			};
			name = Debug;
		};
		763766822A3088020019BA53 /* Release */ = {
			isa = XCBuildConfiguration;
			buildSettings = {
				ASSETCATALOG_COMPILER_APPICON_NAME = AppIcon;
				ASSETCATALOG_COMPILER_GLOBAL_ACCENT_COLOR_NAME = AccentColor;
				CODE_SIGN_STYLE = Automatic;
				CURRENT_PROJECT_VERSION = 1;
				DEVELOPMENT_ASSET_PATHS = "\"MyCity/Preview Content\"";
				DEVELOPMENT_TEAM = 9S5AJR5C22;
				ENABLE_PREVIEWS = YES;
				GENERATE_INFOPLIST_FILE = YES;
				INFOPLIST_FILE = MyCity/Info.plist;
				INFOPLIST_KEY_UIApplicationSceneManifest_Generation = YES;
				INFOPLIST_KEY_UIApplicationSupportsIndirectInputEvents = YES;
				INFOPLIST_KEY_UILaunchStoryboardName = LaunchScreen.storyboard;
				INFOPLIST_KEY_UISupportedInterfaceOrientations_iPad = "UIInterfaceOrientationPortrait UIInterfaceOrientationPortraitUpsideDown UIInterfaceOrientationLandscapeLeft UIInterfaceOrientationLandscapeRight";
				INFOPLIST_KEY_UISupportedInterfaceOrientations_iPhone = "UIInterfaceOrientationPortrait UIInterfaceOrientationLandscapeLeft UIInterfaceOrientationLandscapeRight";
				IPHONEOS_DEPLOYMENT_TARGET = 14.0;
				LD_RUNPATH_SEARCH_PATHS = (
					"$(inherited)",
					"@executable_path/Frameworks",
				);
				MARKETING_VERSION = 1.0;
				PRODUCT_BUNDLE_IDENTIFIER = rzamolotov.MyCity;
				PRODUCT_NAME = "$(TARGET_NAME)";
				SWIFT_EMIT_LOC_STRINGS = YES;
				SWIFT_VERSION = 5.0;
				TARGETED_DEVICE_FAMILY = "1,2";
			};
			name = Release;
		};
/* End XCBuildConfiguration section */

/* Begin XCConfigurationList section */
		7637666D2A3088010019BA53 /* Build configuration list for PBXProject "MyCity" */ = {
			isa = XCConfigurationList;
			buildConfigurations = (
				7637667E2A3088020019BA53 /* Debug */,
				7637667F2A3088020019BA53 /* Release */,
			);
			defaultConfigurationIsVisible = 0;
			defaultConfigurationName = Release;
		};
		763766802A3088020019BA53 /* Build configuration list for PBXNativeTarget "MyCity" */ = {
			isa = XCConfigurationList;
			buildConfigurations = (
				763766812A3088020019BA53 /* Debug */,
				763766822A3088020019BA53 /* Release */,
			);
			defaultConfigurationIsVisible = 0;
			defaultConfigurationName = Release;
		};
/* End XCConfigurationList section */
	};
	rootObject = 7637666A2A3088010019BA53 /* Project object */;
}
